
Microsoft Visual Studio Solution File, Format Version 12.00
# Visual Studio 15
VisualStudioVersion = 15.0.26730.15
MinimumVisualStudioVersion = 10.0.40219.1
Project("{9A19103F-16F7-4668-BE54-9A1E7A4F7556}") = "Task-1", "conditional-statement\Task-1.csproj", "{B499D667-3959-4244-9157-3CE10DD35E9D}"
EndProject
Project("{9A19103F-16F7-4668-BE54-9A1E7A4F7556}") = "Task-2", "Task-2\Task-2.csproj", "{645DF1A2-8968-4A5A-874C-73C2A224FE72}"
EndProject
Project("{9A19103F-16F7-4668-BE54-9A1E7A4F7556}") = "Task-3.1", "Task-3.1\Task-3.1.csproj", "{DFE66209-D8C8-41CB-A8E7-097B8CF7F1C1}"
EndProject
Project("{9A19103F-16F7-4668-BE54-9A1E7A4F7556}") = "Task-4", "Task-4\Task-4.csproj", "{7304CC9C-2DBB-43C8-82CF-49926D06BBA4}"
EndProject
Project("{9A19103F-16F7-4668-BE54-9A1E7A4F7556}") = "vuokaavio-2", "vuokaavio-2\vuokaavio-2.csproj", "{2E60F4C5-38C9-482F-8DD4-55A7935F2397}"
EndProject
Project("{FAE04EC0-301F-11D3-BF4B-00C04F79EFBC}") = "loop_example", "Task-5\loop_example.csproj", "{D64F069C-F046-4C51-BB05-F0778F71FBE3}"
EndProject
Global
	GlobalSection(SolutionConfigurationPlatforms) = preSolution
		Debug|Any CPU = Debug|Any CPU
		Release|Any CPU = Release|Any CPU
	EndGlobalSection
	GlobalSection(ProjectConfigurationPlatforms) = postSolution
		{B499D667-3959-4244-9157-3CE10DD35E9D}.Debug|Any CPU.ActiveCfg = Debug|Any CPU
		{B499D667-3959-4244-9157-3CE10DD35E9D}.Debug|Any CPU.Build.0 = Debug|Any CPU
		{B499D667-3959-4244-9157-3CE10DD35E9D}.Release|Any CPU.ActiveCfg = Release|Any CPU
		{B499D667-3959-4244-9157-3CE10DD35E9D}.Release|Any CPU.Build.0 = Release|Any CPU
		{645DF1A2-8968-4A5A-874C-73C2A224FE72}.Debug|Any CPU.ActiveCfg = Debug|Any CPU
		{645DF1A2-8968-4A5A-874C-73C2A224FE72}.Debug|Any CPU.Build.0 = Debug|Any CPU
		{645DF1A2-8968-4A5A-874C-73C2A224FE72}.Release|Any CPU.ActiveCfg = Release|Any CPU
		{645DF1A2-8968-4A5A-874C-73C2A224FE72}.Release|Any CPU.Build.0 = Release|Any CPU
		{DFE66209-D8C8-41CB-A8E7-097B8CF7F1C1}.Debug|Any CPU.ActiveCfg = Debug|Any CPU
		{DFE66209-D8C8-41CB-A8E7-097B8CF7F1C1}.Debug|Any CPU.Build.0 = Debug|Any CPU
		{DFE66209-D8C8-41CB-A8E7-097B8CF7F1C1}.Release|Any CPU.ActiveCfg = Release|Any CPU
		{DFE66209-D8C8-41CB-A8E7-097B8CF7F1C1}.Release|Any CPU.Build.0 = Release|Any CPU
		{7304CC9C-2DBB-43C8-82CF-49926D06BBA4}.Debug|Any CPU.ActiveCfg = Debug|Any CPU
		{7304CC9C-2DBB-43C8-82CF-49926D06BBA4}.Debug|Any CPU.Build.0 = Debug|Any CPU
		{7304CC9C-2DBB-43C8-82CF-49926D06BBA4}.Release|Any CPU.ActiveCfg = Release|Any CPU
		{7304CC9C-2DBB-43C8-82CF-49926D06BBA4}.Release|Any CPU.Build.0 = Release|Any CPU
		{2E60F4C5-38C9-482F-8DD4-55A7935F2397}.Debug|Any CPU.ActiveCfg = Debug|Any CPU
		{2E60F4C5-38C9-482F-8DD4-55A7935F2397}.Debug|Any CPU.Build.0 = Debug|Any CPU
		{2E60F4C5-38C9-482F-8DD4-55A7935F2397}.Release|Any CPU.ActiveCfg = Release|Any CPU
		{2E60F4C5-38C9-482F-8DD4-55A7935F2397}.Release|Any CPU.Build.0 = Release|Any CPU
		{D64F069C-F046-4C51-BB05-F0778F71FBE3}.Debug|Any CPU.ActiveCfg = Debug|Any CPU
		{D64F069C-F046-4C51-BB05-F0778F71FBE3}.Debug|Any CPU.Build.0 = Debug|Any CPU
		{D64F069C-F046-4C51-BB05-F0778F71FBE3}.Release|Any CPU.ActiveCfg = Release|Any CPU
		{D64F069C-F046-4C51-BB05-F0778F71FBE3}.Release|Any CPU.Build.0 = Release|Any CPU
	EndGlobalSection
	GlobalSection(SolutionProperties) = preSolution
		HideSolutionNode = FALSE
	EndGlobalSection
	GlobalSection(ExtensibilityGlobals) = postSolution
		SolutionGuid = {2ABEA26C-D535-4E4B-883B-5C9746F9D007}
	EndGlobalSection
EndGlobal
